
Microsoft Visual Studio Solution File, Format Version 12.00
# Visual Studio 15
Project("{FAE04EC0-301F-11D3-BF4B-00C04F79EFBC}") = "Assembly-CSharp", "Assembly-CSharp.csproj", "{15F68F38-6536-215E-022B-F3F62AB5354E}"
EndProject
Project("{FAE04EC0-301F-11D3-BF4B-00C04F79EFBC}") = "Assembly-CSharp-Editor", "Assembly-CSharp-Editor.csproj", "{8739FFAA-8767-0D3C-3475-2CF5D0813653}"
EndProject
Global
	GlobalSection(SolutionConfigurationPlatforms) = preSolution
		Debug|Any CPU = Debug|Any CPU
		Release|Any CPU = Release|Any CPU
	EndGlobalSection
	GlobalSection(ProjectConfigurationPlatforms) = postSolution
		{15F68F38-6536-215E-022B-F3F62AB5354E}.Debug|Any CPU.ActiveCfg = Debug|Any CPU
		{15F68F38-6536-215E-022B-F3F62AB5354E}.Debug|Any CPU.Build.0 = Debug|Any CPU
		{15F68F38-6536-215E-022B-F3F62AB5354E}.Release|Any CPU.ActiveCfg = Release|Any CPU
		{15F68F38-6536-215E-022B-F3F62AB5354E}.Release|Any CPU.Build.0 = Release|Any CPU
		{8739FFAA-8767-0D3C-3475-2CF5D0813653}.Debug|Any CPU.ActiveCfg = Debug|Any CPU
		{8739FFAA-8767-0D3C-3475-2CF5D0813653}.Debug|Any CPU.Build.0 = Debug|Any CPU
		{8739FFAA-8767-0D3C-3475-2CF5D0813653}.Release|Any CPU.ActiveCfg = Release|Any CPU
		{8739FFAA-8767-0D3C-3475-2CF5D0813653}.Release|Any CPU.Build.0 = Release|Any CPU
	EndGlobalSection
	GlobalSection(SolutionProperties) = preSolution
		HideSolutionNode = FALSE
	EndGlobalSection
EndGlobal
